
Microsoft Visual Studio Solution File, Format Version 12.00
# Visual Studio Version 16
VisualStudioVersion = 16.0.29519.181
MinimumVisualStudioVersion = 10.0.40219.1
Project("{FAE04EC0-301F-11D3-BF4B-00C04F79EFBC}") = "VicoldUtility.PingDashboard", "VicoldUtility.PingDashboard\VicoldUtility.PingDashboard.csproj", "{E315BE86-F96C-4FA3-B75C-4AD42CBCD3BC}"
EndProject
Global
	GlobalSection(SolutionConfigurationPlatforms) = preSolution
		Debug|Any CPU = Debug|Any CPU
		Release|Any CPU = Release|Any CPU
	EndGlobalSection
	GlobalSection(ProjectConfigurationPlatforms) = postSolution
		{E315BE86-F96C-4FA3-B75C-4AD42CBCD3BC}.Debug|Any CPU.ActiveCfg = Debug|Any CPU
		{E315BE86-F96C-4FA3-B75C-4AD42CBCD3BC}.Debug|Any CPU.Build.0 = Debug|Any CPU
		{E315BE86-F96C-4FA3-B75C-4AD42CBCD3BC}.Release|Any CPU.ActiveCfg = Release|Any CPU
		{E315BE86-F96C-4FA3-B75C-4AD42CBCD3BC}.Release|Any CPU.Build.0 = Release|Any CPU
	EndGlobalSection
	GlobalSection(SolutionProperties) = preSolution
		HideSolutionNode = FALSE
	EndGlobalSection
	GlobalSection(ExtensibilityGlobals) = postSolution
		SolutionGuid = {7A861454-2EBD-4A17-8FAC-06584C1147CB}
	EndGlobalSection
EndGlobal
