
Microsoft Visual Studio Solution File, Format Version 12.00
# Visual Studio Version 16
VisualStudioVersion = 16.0.29519.181
MinimumVisualStudioVersion = 10.0.40219.1
Project("{FAE04EC0-301F-11D3-BF4B-00C04F79EFBC}") = "VicoldUtility.PingDashboard", "VicoldUtility.PingDashboard\VicoldUtility.PingDashboard.csproj", "{E315BE86-F96C-4FA3-B75C-4AD42CBCD3BC}"
EndProject
Project("{FAE04EC0-301F-11D3-BF4B-00C04F79EFBC}") = "VicoldUtility.ResourceMonitor", "VicoldUtility.ResourceMonitor\VicoldUtility.ResourceMonitor.csproj", "{6803082F-6A53-4132-8503-D76862BFAC52}"
EndProject
Project("{FAE04EC0-301F-11D3-BF4B-00C04F79EFBC}") = "VicoldUtility.ToIconTool", "VicoldUtility.ToIconTool\VicoldUtility.ToIconTool.csproj", "{4CF20476-4F40-4A28-8956-9D0D35C287DE}"
EndProject
Project("{FAE04EC0-301F-11D3-BF4B-00C04F79EFBC}") = "VicoldUtility.ProxyAccess", "VicoldUtility.ProxyAccess\VicoldUtility.ProxyAccess.csproj", "{EF1BCD92-E6FF-42B9-884E-A81302CBA15A}"
EndProject
Project("{FAE04EC0-301F-11D3-BF4B-00C04F79EFBC}") = "VicoldUtility.Image2ASCII", "VicoldUtility.Image2ASCII\VicoldUtility.Image2ASCII.csproj", "{685FF664-B514-4098-9FEE-90861DCCD82D}"
EndProject
Project("{FAE04EC0-301F-11D3-BF4B-00C04F79EFBC}") = "VicoldUtility.HardDiskStuffer", "VicoldUtility.HardDiskStuffer\VicoldUtility.HardDiskStuffer.csproj", "{53E921E8-DC7B-4A05-AA35-C102C675BFC2}"
EndProject
Project("{FAE04EC0-301F-11D3-BF4B-00C04F79EFBC}") = "VicoldUtility.FastTool", "VicoldUtility.FastTool\VicoldUtility.FastTool.csproj", "{C332D291-83EF-44A0-814A-54FC0DA7021F}"
EndProject
Global
	GlobalSection(SolutionConfigurationPlatforms) = preSolution
		Debug|Any CPU = Debug|Any CPU
		Debug|x64 = Debug|x64
		Release|Any CPU = Release|Any CPU
		Release|x64 = Release|x64
	EndGlobalSection
	GlobalSection(ProjectConfigurationPlatforms) = postSolution
		{E315BE86-F96C-4FA3-B75C-4AD42CBCD3BC}.Debug|Any CPU.ActiveCfg = Debug|Any CPU
		{E315BE86-F96C-4FA3-B75C-4AD42CBCD3BC}.Debug|Any CPU.Build.0 = Debug|Any CPU
		{E315BE86-F96C-4FA3-B75C-4AD42CBCD3BC}.Debug|x64.ActiveCfg = Debug|x64
		{E315BE86-F96C-4FA3-B75C-4AD42CBCD3BC}.Debug|x64.Build.0 = Debug|x64
		{E315BE86-F96C-4FA3-B75C-4AD42CBCD3BC}.Release|Any CPU.ActiveCfg = Release|Any CPU
		{E315BE86-F96C-4FA3-B75C-4AD42CBCD3BC}.Release|Any CPU.Build.0 = Release|Any CPU
		{E315BE86-F96C-4FA3-B75C-4AD42CBCD3BC}.Release|x64.ActiveCfg = Release|x64
		{E315BE86-F96C-4FA3-B75C-4AD42CBCD3BC}.Release|x64.Build.0 = Release|x64
		{6803082F-6A53-4132-8503-D76862BFAC52}.Debug|Any CPU.ActiveCfg = Debug|Any CPU
		{6803082F-6A53-4132-8503-D76862BFAC52}.Debug|Any CPU.Build.0 = Debug|Any CPU
		{6803082F-6A53-4132-8503-D76862BFAC52}.Debug|x64.ActiveCfg = Debug|x64
		{6803082F-6A53-4132-8503-D76862BFAC52}.Debug|x64.Build.0 = Debug|x64
		{6803082F-6A53-4132-8503-D76862BFAC52}.Release|Any CPU.ActiveCfg = Release|Any CPU
		{6803082F-6A53-4132-8503-D76862BFAC52}.Release|Any CPU.Build.0 = Release|Any CPU
		{6803082F-6A53-4132-8503-D76862BFAC52}.Release|x64.ActiveCfg = Release|x64
		{6803082F-6A53-4132-8503-D76862BFAC52}.Release|x64.Build.0 = Release|x64
		{4CF20476-4F40-4A28-8956-9D0D35C287DE}.Debug|Any CPU.ActiveCfg = Debug|Any CPU
		{4CF20476-4F40-4A28-8956-9D0D35C287DE}.Debug|Any CPU.Build.0 = Debug|Any CPU
		{4CF20476-4F40-4A28-8956-9D0D35C287DE}.Debug|x64.ActiveCfg = Debug|x64
		{4CF20476-4F40-4A28-8956-9D0D35C287DE}.Debug|x64.Build.0 = Debug|x64
		{4CF20476-4F40-4A28-8956-9D0D35C287DE}.Release|Any CPU.ActiveCfg = Release|Any CPU
		{4CF20476-4F40-4A28-8956-9D0D35C287DE}.Release|Any CPU.Build.0 = Release|Any CPU
		{4CF20476-4F40-4A28-8956-9D0D35C287DE}.Release|x64.ActiveCfg = Release|x64
		{4CF20476-4F40-4A28-8956-9D0D35C287DE}.Release|x64.Build.0 = Release|x64
		{EF1BCD92-E6FF-42B9-884E-A81302CBA15A}.Debug|Any CPU.ActiveCfg = Debug|Any CPU
		{EF1BCD92-E6FF-42B9-884E-A81302CBA15A}.Debug|Any CPU.Build.0 = Debug|Any CPU
		{EF1BCD92-E6FF-42B9-884E-A81302CBA15A}.Debug|x64.ActiveCfg = Debug|x64
		{EF1BCD92-E6FF-42B9-884E-A81302CBA15A}.Debug|x64.Build.0 = Debug|x64
		{EF1BCD92-E6FF-42B9-884E-A81302CBA15A}.Release|Any CPU.ActiveCfg = Release|Any CPU
		{EF1BCD92-E6FF-42B9-884E-A81302CBA15A}.Release|Any CPU.Build.0 = Release|Any CPU
		{EF1BCD92-E6FF-42B9-884E-A81302CBA15A}.Release|x64.ActiveCfg = Release|x64
		{EF1BCD92-E6FF-42B9-884E-A81302CBA15A}.Release|x64.Build.0 = Release|x64
		{685FF664-B514-4098-9FEE-90861DCCD82D}.Debug|Any CPU.ActiveCfg = Debug|Any CPU
		{685FF664-B514-4098-9FEE-90861DCCD82D}.Debug|Any CPU.Build.0 = Debug|Any CPU
		{685FF664-B514-4098-9FEE-90861DCCD82D}.Debug|x64.ActiveCfg = Debug|x64
		{685FF664-B514-4098-9FEE-90861DCCD82D}.Debug|x64.Build.0 = Debug|x64
		{685FF664-B514-4098-9FEE-90861DCCD82D}.Release|Any CPU.ActiveCfg = Release|Any CPU
		{685FF664-B514-4098-9FEE-90861DCCD82D}.Release|Any CPU.Build.0 = Release|Any CPU
		{685FF664-B514-4098-9FEE-90861DCCD82D}.Release|x64.ActiveCfg = Release|x64
		{685FF664-B514-4098-9FEE-90861DCCD82D}.Release|x64.Build.0 = Release|x64
		{53E921E8-DC7B-4A05-AA35-C102C675BFC2}.Debug|Any CPU.ActiveCfg = Debug|Any CPU
		{53E921E8-DC7B-4A05-AA35-C102C675BFC2}.Debug|Any CPU.Build.0 = Debug|Any CPU
		{53E921E8-DC7B-4A05-AA35-C102C675BFC2}.Debug|x64.ActiveCfg = Debug|x64
		{53E921E8-DC7B-4A05-AA35-C102C675BFC2}.Debug|x64.Build.0 = Debug|x64
		{53E921E8-DC7B-4A05-AA35-C102C675BFC2}.Release|Any CPU.ActiveCfg = Release|Any CPU
		{53E921E8-DC7B-4A05-AA35-C102C675BFC2}.Release|Any CPU.Build.0 = Release|Any CPU
		{53E921E8-DC7B-4A05-AA35-C102C675BFC2}.Release|x64.ActiveCfg = Release|x64
		{53E921E8-DC7B-4A05-AA35-C102C675BFC2}.Release|x64.Build.0 = Release|x64
		{C332D291-83EF-44A0-814A-54FC0DA7021F}.Debug|Any CPU.ActiveCfg = Debug|Any CPU
		{C332D291-83EF-44A0-814A-54FC0DA7021F}.Debug|Any CPU.Build.0 = Debug|Any CPU
		{C332D291-83EF-44A0-814A-54FC0DA7021F}.Debug|x64.ActiveCfg = Debug|Any CPU
		{C332D291-83EF-44A0-814A-54FC0DA7021F}.Debug|x64.Build.0 = Debug|Any CPU
		{C332D291-83EF-44A0-814A-54FC0DA7021F}.Release|Any CPU.ActiveCfg = Release|Any CPU
		{C332D291-83EF-44A0-814A-54FC0DA7021F}.Release|Any CPU.Build.0 = Release|Any CPU
		{C332D291-83EF-44A0-814A-54FC0DA7021F}.Release|x64.ActiveCfg = Release|Any CPU
		{C332D291-83EF-44A0-814A-54FC0DA7021F}.Release|x64.Build.0 = Release|Any CPU
	EndGlobalSection
	GlobalSection(SolutionProperties) = preSolution
		HideSolutionNode = FALSE
	EndGlobalSection
	GlobalSection(ExtensibilityGlobals) = postSolution
		SolutionGuid = {7A861454-2EBD-4A17-8FAC-06584C1147CB}
	EndGlobalSection
EndGlobal
