
Microsoft Visual Studio Solution File, Format Version 12.00
# Visual Studio Version 17
VisualStudioVersion = 17.9.34714.143
MinimumVisualStudioVersion = 10.0.40219.1
Project("{FAE04EC0-301F-11D3-BF4B-00C04F79EFBC}") = "VicoldUtility.Retirement", "VicoldUtility.Retirement.csproj", "{704B03E6-44E1-473A-8EF3-11320CEA7BDC}"
EndProject
Global
	GlobalSection(SolutionConfigurationPlatforms) = preSolution
		Debug|Any CPU = Debug|Any CPU
		Release|Any CPU = Release|Any CPU
	EndGlobalSection
	GlobalSection(ProjectConfigurationPlatforms) = postSolution
		{704B03E6-44E1-473A-8EF3-11320CEA7BDC}.Debug|Any CPU.ActiveCfg = Debug|Any CPU
		{704B03E6-44E1-473A-8EF3-11320CEA7BDC}.Debug|Any CPU.Build.0 = Debug|Any CPU
		{704B03E6-44E1-473A-8EF3-11320CEA7BDC}.Release|Any CPU.ActiveCfg = Release|Any CPU
		{704B03E6-44E1-473A-8EF3-11320CEA7BDC}.Release|Any CPU.Build.0 = Release|Any CPU
	EndGlobalSection
	GlobalSection(SolutionProperties) = preSolution
		HideSolutionNode = FALSE
	EndGlobalSection
	GlobalSection(ExtensibilityGlobals) = postSolution
		SolutionGuid = {63447757-2E09-466C-8096-CB7B629D62FE}
	EndGlobalSection
EndGlobal
